{
  "name": "public",
  "version": "1.0.0",
  "lockfileVersion": 3,
  "requires": true,
  "packages": {
    "": {
      "name": "public",
      "version": "1.0.0",
      "license": "ISC",
      "dependencies": {
        "@bsmp/core": "^6.0.0",
        "@bsmp/webcomponents": "^1.0.47",
        "@nanostores/persistent": "^0.10.2",
        "nanostores": "^0.11.4"
      }
    },
    "node_modules/@bsmp/core": {
      "version": "6.0.0",
      "resolved": "https://registry.npmjs.org/@bsmp/core/-/core-6.0.0.tgz",
      "integrity": "sha512-XRmez2Zi2bW/yYCeP2bNXEDXQXRdiizEjAUiubR9tA29VB11DNbaqu9UDivgiV4ZMW/4LN08PzwdY+nlH+mMhg=="
    },
    "node_modules/@bsmp/webcomponents": {
      "version": "1.0.47",
      "resolved": "https://registry.npmjs.org/@bsmp/webcomponents/-/webcomponents-1.0.47.tgz",
      "integrity": "sha512-GHV7FKzI+qQlWN3/ZEEuNp8NVRpauPNmpw3KiodSHaADqTYRQvp2nyNe8GbRKa6dJkaEH29lfaDhj0IHcp05Eg=="
    },
    "node_modules/@nanostores/persistent": {
      "version": "0.10.2",
      "resolved": "https://registry.npmjs.org/@nanostores/persistent/-/persistent-0.10.2.tgz",
      "integrity": "sha512-BEndnLhRC+yP7gXTESepBbSj8XNl8OXK9hu4xAgKC7MWJHKXnEqJMqY47LUyHxK6vYgFnisyHmqq+vq8AUFyIg==",
      "funding": [
        {
          "type": "github",
          "url": "https://github.com/sponsors/ai"
        }
      ],
      "engines": {
        "node": "^18.0.0 || >=20.0.0"
      },
      "peerDependencies": {
        "nanostores": "^0.9.0 || ^0.10.0 || ^0.11.0"
      }
    },
    "node_modules/nanostores": {
      "version": "0.11.4",
      "resolved": "https://registry.npmjs.org/nanostores/-/nanostores-0.11.4.tgz",
      "integrity": "sha512-k1oiVNN4hDK8NcNERSZLQiMfRzEGtfnvZvdBvey3SQbgn8Dcrk0h1I6vpxApjb10PFUflZrgJ2WEZyJQ+5v7YQ==",
      "funding": [
        {
          "type": "github",
          "url": "https://github.com/sponsors/ai"
        }
      ],
      "engines": {
        "node": "^18.0.0 || >=20.0.0"
      }
    }
  }
}
